
Microsoft Visual Studio Solution File, Format Version 12.00
# Visual Studio Version 17
VisualStudioVersion = 17.1.32210.238
MinimumVisualStudioVersion = 10.0.40219.1
Project("{FAE04EC0-301F-11D3-BF4B-00C04F79EFBC}") = "WebApi", "WebApi\WebApi.csproj", "{1A851B39-1238-4081-87B3-73EFF2863660}"
EndProject
Global
	GlobalSection(SolutionConfigurationPlatforms) = preSolution
		Debug|Any CPU = Debug|Any CPU
		Release|Any CPU = Release|Any CPU
	EndGlobalSection
	GlobalSection(ProjectConfigurationPlatforms) = postSolution
		{1A851B39-1238-4081-87B3-73EFF2863660}.Debug|Any CPU.ActiveCfg = Debug|Any CPU
		{1A851B39-1238-4081-87B3-73EFF2863660}.Debug|Any CPU.Build.0 = Debug|Any CPU
		{1A851B39-1238-4081-87B3-73EFF2863660}.Release|Any CPU.ActiveCfg = Release|Any CPU
		{1A851B39-1238-4081-87B3-73EFF2863660}.Release|Any CPU.Build.0 = Release|Any CPU
	EndGlobalSection
	GlobalSection(SolutionProperties) = preSolution
		HideSolutionNode = FALSE
	EndGlobalSection
	GlobalSection(ExtensibilityGlobals) = postSolution
		SolutionGuid = {A93F7558-D3C7-476D-A678-73188B146445}
	EndGlobalSection
EndGlobal
